{
  "nodes": {
    "flake-utils": {
      "locked": {
        "lastModified": 1622445595,
        "narHash": "sha256-m+JRe6Wc5OZ/mKw2bB3+Tl0ZbtyxxxfnAWln8Q5qs+Y=",
        "owner": "numtide",
        "repo": "flake-utils",
        "rev": "7d706970d94bc5559077eb1a6600afddcd25a7c8",
        "type": "github"
      },
      "original": {
        "owner": "numtide",
        "repo": "flake-utils",
        "type": "github"
      }
    },
    "flake-utils_2": {
      "locked": {
        "lastModified": 1601282935,
        "narHash": "sha256-WQAFV6sGGQxrRs3a+/Yj9xUYvhTpukQJIcMbIi7LCJ4=",
        "owner": "numtide",
        "repo": "flake-utils",
        "rev": "588973065fce51f4763287f0fda87a174d78bf48",
        "type": "github"
      },
      "original": {
        "owner": "numtide",
        "repo": "flake-utils",
        "type": "github"
      }
    },
    "mac-dock-src": {
      "flake": false,
      "locked": {
        "lastModified": 1623118198,
        "narHash": "sha256-doiYHCK5yf/sxP5Y4iSEqCUkrMqPt6d2070rHf6tVcw=",
        "owner": "zachcoyle",
        "repo": "mac-dock",
        "rev": "f0c664583480b63def096e7fbd4728130db0e1df",
        "type": "github"
      },
      "original": {
        "owner": "zachcoyle",
        "ref": "remove-ds_store-reference",
        "repo": "mac-dock",
        "type": "github"
      }
    },
    "mach-nix": {
      "inputs": {
        "flake-utils": "flake-utils_2",
        "nixpkgs": "nixpkgs",
        "pypi-deps-db": "pypi-deps-db"
      },
      "locked": {
        "lastModified": 1621761365,
        "narHash": "sha256-2SA6Pe3obXinpSDRB1zuMb7gwXlXgu8C95MJ1WwOrMg=",
        "owner": "DavHau",
        "repo": "mach-nix",
        "rev": "6cfa1d22bc4d071fa2a2118571999bc995e908b2",
        "type": "github"
      },
      "original": {
        "owner": "DavHau",
        "repo": "mach-nix",
        "type": "github"
      }
    },
    "nixpkgs": {
      "locked": {
        "lastModified": 1621640932,
        "narHash": "sha256-fXJ+OdiqSzdjFU+wkAciws+m5pEhFjFjjZmCLE6DpO4=",
        "owner": "NixOS",
        "repo": "nixpkgs",
        "rev": "9971c5d1a40d4e9ff8159ec6595cb9e91da7d438",
        "type": "github"
      },
      "original": {
        "owner": "NixOS",
        "ref": "nixos-unstable",
        "repo": "nixpkgs",
        "type": "github"
      }
    },
    "nixpkgs_2": {
      "locked": {
        "lastModified": 1623154001,
        "narHash": "sha256-KxsIXg5ez5SveGayOKcW+MnofqVuLnwZHE5mZgtRAJo=",
        "owner": "nixos",
        "repo": "nixpkgs",
        "rev": "3bc8e5cd23b84b2e149e7aaad57117da16a19e6f",
        "type": "github"
      },
      "original": {
        "owner": "nixos",
        "ref": "nixpkgs-unstable",
        "repo": "nixpkgs",
        "type": "github"
      }
    },
    "pypi-deps-db": {
      "flake": false,
      "locked": {
        "lastModified": 1621672288,
        "narHash": "sha256-hUOZnSr1ZaTCOUlC8k946RyRjZsfN2w/9jzic0UKj58=",
        "owner": "DavHau",
        "repo": "pypi-deps-db",
        "rev": "19dc04a5c7412431a58a07ceecfe7b3ed3c164a5",
        "type": "github"
      },
      "original": {
        "owner": "DavHau",
        "repo": "pypi-deps-db",
        "type": "github"
      }
    },
    "root": {
      "inputs": {
        "flake-utils": "flake-utils",
        "mac-dock-src": "mac-dock-src",
        "mach-nix": "mach-nix",
        "nixpkgs": "nixpkgs_2"
      }
    }
  },
  "root": "root",
  "version": 7
}
